<?xml version="1.0" encoding="UTF-8" standalone="yes" ?>
<CodeBlocks_project_file>
	<FileVersion major="1" minor="6" />
	<Project>
		<Option title="cooling_release" />
		<Option pch_mode="2" />
		<Option compiler="gnu_gcc_51_x64_compiler" />
		<Build>
			<Target title="Debug">
				<Option output="bin/Debug/cooling_release" prefix_auto="1" extension_auto="1" />
				<Option object_output="obj/Debug/" />
				<Option type="1" />
				<Option compiler="gnu_gcc_51_x64_compiler" />
				<Option parameters="test_input2.txt" />
				<Compiler>
					<Add option="-std=c++11" />
					<Add option="-std=c++0x" />
					<Add option="-g" />
					<Add directory="../src" />
					<Add directory="../include" />
				</Compiler>
				<Linker>
					<Add option="-L./ -lmuparser" />
					<Add directory="../lib" />
				</Linker>
			</Target>
			<Target title="Release">
				<Option output="bin/Release/cooling_release" prefix_auto="1" extension_auto="1" />
				<Option object_output="obj/Release/" />
				<Option type="1" />
				<Option compiler="gnu_gcc_51_x64_compiler" />
				<Option parameters="test_input2.txt" />
				<Option projectLinkerOptionsRelation="2" />
				<Option projectIncludeDirsRelation="-1" />
				<Option projectLibDirsRelation="-1" />
				<Compiler>
					<Add option="-O3" />
					<Add option="-std=c++11" />
					<Add option="-std=c++0x" />
					<Add directory="../src" />
					<Add directory="../include" />
				</Compiler>
				<Linker>
					<Add option="-L./ -lmuparser" />
					<Add directory="../lib" />
				</Linker>
				<MakeCommands>
					<Build command="" />
					<CompileFile command="" />
					<Clean command="" />
					<DistClean command="" />
					<AskRebuildNeeded command="" />
					<SilentBuild command=" &gt; $(CMD_NULL)" />
				</MakeCommands>
			</Target>
		</Build>
		<Compiler>
			<Add option="-std=c++11" />
			<Add option="-std=c++0x" />
			<Add option="-g" />
		</Compiler>
		<Unit filename="../include/beam.h" />
		<Unit filename="../include/constants.h" />
		<Unit filename="../include/cooler.h" />
		<Unit filename="../include/dynamic.h" />
		<Unit filename="../include/ecooling.h" />
		<Unit filename="../include/force.h" />
		<Unit filename="../include/functions.h" />
		<Unit filename="../include/ibs.h" />
		<Unit filename="../include/math_parser.h" />
		<Unit filename="../include/muParserDLL.h" />
		<Unit filename="../include/ring.h" />
		<Unit filename="../include/ui.h" />
		<Unit filename="../src/beam.cc" />
		<Unit filename="../src/dynamic.cc" />
		<Unit filename="../src/ecooling.cc" />
		<Unit filename="../src/force.cc" />
		<Unit filename="../src/functions.cc" />
		<Unit filename="../src/ibs.cc" />
		<Unit filename="../src/main.cc" />
		<Unit filename="../src/math_parser.cc" />
		<Unit filename="../src/ring.cc" />
		<Unit filename="../src/ui.cc" />
		<Extensions>
			<code_completion />
			<envvars />
			<debugger />
			<lib_finder disable_auto="1" />
		</Extensions>
	</Project>
</CodeBlocks_project_file>
